{
    "name": "sleighed",
    "lockfileVersion": 3,
    "requires": true,
    "packages": {
        "": {
            "dependencies": {
                "file-saver": "^2.0.5",
                "golden-layout": "^2.6.0",
                "monaco-editor": "^0.49.0",
                "yaserver": "^0.4.0"
            }
        },
        "node_modules/file-saver": {
            "version": "2.0.5",
            "resolved": "https://registry.npmjs.org/file-saver/-/file-saver-2.0.5.tgz",
            "integrity": "sha512-P9bmyZ3h/PRG+Nzga+rbdI4OEpNDzAVyy74uVO9ATgzLK6VtAsYybF/+TOCvrc0MO793d6+42lLyZTw7/ArVzA=="
        },
        "node_modules/golden-layout": {
            "version": "2.6.0",
            "resolved": "https://registry.npmjs.org/golden-layout/-/golden-layout-2.6.0.tgz",
            "integrity": "sha512-sIVQCiRWOymHbVD1Aw/T9/ijbPYAVGBlgGYd1N9MRKfcyBNSpjr87Vg9nSHm+RCT8ELrvK8IJYJV0QRJuVUkCQ=="
        },
        "node_modules/monaco-editor": {
            "version": "0.49.0",
            "resolved": "https://registry.npmjs.org/monaco-editor/-/monaco-editor-0.49.0.tgz",
            "integrity": "sha512-2I8/T3X/hLxB2oPHgqcNYUVdA/ZEFShT7IAujifIPMfKkNbLOqY8XCoyHCXrsdjb36dW9MwoTwBCFpXKMwNwaQ=="
        },
        "node_modules/yaserver": {
            "version": "0.4.0",
            "resolved": "https://registry.npmjs.org/yaserver/-/yaserver-0.4.0.tgz",
            "integrity": "sha512-98Vj4sgqB1fLcpf2wK7h3dFCaabISHU9CXZHaAx3QLkvTTCD31MzMcNbw5V5jZFBK7ffkFqfWig6B20KQt4wtA==",
            "bin": {
                "yaserver": "bin/yaserver"
            }
        }
    }
}
